# THIS IS AN AUTOGENERATED FILE. DO NOT EDIT THIS FILE DIRECTLY.
# yarn lockfile v1


"@bufbuild/protobuf@^1.0.0":
  version "1.0.0"
  resolved "https://registry.yarnpkg.com/@bufbuild/protobuf/-/protobuf-1.0.0.tgz#b25c045f8554f92c3723d5bb28e3a2538662f51b"
  integrity sha512-oH3jHBrZ6to8Qf4zLg7O8KqSY42kQZNBRXJRMp5uSi0mqE4L8NbyMnZHeOsbXmTb0xpptRyH11LfS+KeVhXzAA==
